<?xml version="1.0" encoding="utf-8"?>
<Project ToolsVersion="4.0" xmlns="http://schemas.microsoft.com/developer/msbuild/2003">
  <ItemGroup>
    <Filter Include="Resource Files">
      <UniqueIdentifier>{67DA6AB6-F800-4c08-8B7A-83BB121AAD01}</UniqueIdentifier>
      <Extensions>rc;ico;cur;bmp;dlg;rc2;rct;bin;rgs;gif;jpg;jpeg;jpe;resx;tiff;tif;png;wav;mfcribbon-ms</Extensions>
    </Filter>
    <Filter Include="Resource Files">
      <UniqueIdentifier>{D9D6E242-F8AF-46E4-B9FD-80ECBC20BA3E}</UniqueIdentifier>
      <Extensions>qrc;qml;*</Extensions>
      <ParseFiles>false</ParseFiles>
    </Filter>
    <Filter Include="Form Files">
      <UniqueIdentifier>{99349809-55BA-4b9d-BF79-8FDBB0286EB3}</UniqueIdentifier>
      <Extensions>ui</Extensions>
      <ParseFiles>true</ParseFiles>
    </Filter>
    <Filter Include="QT">
      <UniqueIdentifier>{93995380-89BD-4b04-88EB-625FBE52EBFB}</UniqueIdentifier>
      <Extensions>h;hh;hpp;hxx;hm;inl;inc;xsd</Extensions>
    </Filter>
    <Filter Include="Particle">
      <UniqueIdentifier>{4FC737F1-C7A5-4376-A066-2A32D752A2FF}</UniqueIdentifier>
      <Extensions>cpp;c;cc;cxx;def;odl;idl;hpj;bat;asm;asmx</Extensions>
    </Filter>
    <Filter Include="GLSL">
      <UniqueIdentifier>{57d55926-1216-47ed-8304-b1abf47c27de}</UniqueIdentifier>
    </Filter>
  </ItemGroup>
  <ItemGroup>
    <QtRcc Include="qml.qrc">
      <Filter>Resource Files</Filter>
    </QtRcc>
    <ClCompile Include="Particle.cpp">
      <Filter>Particle</Filter>
    </ClCompile>
    <ClCompile Include="QtMainWindow.cpp">
      <Filter>QT</Filter>
    </ClCompile>
    <ClCompile Include="QtOpengl.cpp">
      <Filter>QT</Filter>
    </ClCompile>
  </ItemGroup>
  <ItemGroup>
    <QtMoc Include="QtOpengl.h">
      <Filter>QT</Filter>
    </QtMoc>
    <QtMoc Include="QtMainWindow.h">
      <Filter>QT</Filter>
    </QtMoc>
  </ItemGroup>
  <ItemGroup>
    <QtUic Include="QtOpengl.ui">
      <Filter>Form Files</Filter>
    </QtUic>
    <QtUic Include="QtMainWindow.ui">
      <Filter>Form Files</Filter>
    </QtUic>
  </ItemGroup>
  <ItemGroup>
    <ClInclude Include="Particle.h">
      <Filter>Particle</Filter>
    </ClInclude>
    <ClInclude Include="GlUtil.h">
      <Filter>Particle</Filter>
    </ClInclude>
    <ClInclude Include="GlTimer.h">
      <Filter>Particle</Filter>
    </ClInclude>
    <ClInclude Include="ImageFade.h">
      <Filter>Particle</Filter>
    </ClInclude>
    <ClInclude Include="WindField.h">
      <Filter>Particle</Filter>
    </ClInclude>
    <ClInclude Include="ParticleSystem.h">
      <Filter>Particle</Filter>
    </ClInclude>
  </ItemGroup>
  <ItemGroup>
    <ClCompile Include="main.cpp" />
    <ClCompile Include="GlTimer.cpp">
      <Filter>Particle</Filter>
    </ClCompile>
    <ClCompile Include="ImageFade.cpp">
      <Filter>Particle</Filter>
    </ClCompile>
    <ClCompile Include="WindField.cpp">
      <Filter>Particle</Filter>
    </ClCompile>
    <ClCompile Include="ParticleSystem.cpp">
      <Filter>Particle</Filter>
    </ClCompile>
  </ItemGroup>
  <ItemGroup>
    <None Include="Particle.glsl">
      <Filter>GLSL</Filter>
    </None>
    <None Include="Vertex.glsl">
      <Filter>GLSL</Filter>
    </None>
    <None Include="Fragment.glsl">
      <Filter>GLSL</Filter>
    </None>
    <None Include="ImageVertex.glsl">
      <Filter>GLSL</Filter>
    </None>
    <None Include="ImageFragment.glsl">
      <Filter>GLSL</Filter>
    </None>
    <None Include="ImageFade.glsl">
      <Filter>GLSL</Filter>
    </None>
  </ItemGroup>
</Project>